
Microsoft Visual Studio Solution File, Format Version 12.00
# Visual Studio 15
VisualStudioVersion = 15.0.28307.1000
MinimumVisualStudioVersion = 10.0.40219.1
Project("{FAE04EC0-301F-11D3-BF4B-00C04F79EFBC}") = "Lyrical", "Lyrical\Lyrical.csproj", "{BD6A1A10-03F3-4710-B7E0-89534395A87F}"
EndProject
Global
	GlobalSection(SolutionConfigurationPlatforms) = preSolution
		Debug|Any CPU = Debug|Any CPU
		Release|Any CPU = Release|Any CPU
	EndGlobalSection
	GlobalSection(ProjectConfigurationPlatforms) = postSolution
		{BD6A1A10-03F3-4710-B7E0-89534395A87F}.Debug|Any CPU.ActiveCfg = Debug|Any CPU
		{BD6A1A10-03F3-4710-B7E0-89534395A87F}.Debug|Any CPU.Build.0 = Debug|Any CPU
		{BD6A1A10-03F3-4710-B7E0-89534395A87F}.Release|Any CPU.ActiveCfg = Release|Any CPU
		{BD6A1A10-03F3-4710-B7E0-89534395A87F}.Release|Any CPU.Build.0 = Release|Any CPU
	EndGlobalSection
	GlobalSection(SolutionProperties) = preSolution
		HideSolutionNode = FALSE
	EndGlobalSection
	GlobalSection(ExtensibilityGlobals) = postSolution
		SolutionGuid = {86C880E2-A6D0-4CC1-87B4-15F52072BAF5}
	EndGlobalSection
EndGlobal
